
Microsoft Visual Studio Solution File, Format Version 12.00
# Visual Studio Version 16
VisualStudioVersion = 16.0.29728.190
MinimumVisualStudioVersion = 10.0.40219.1
Project("{00D1A9C2-B5F0-4AF3-8072-F6C62B433612}") = "Database", "Database\Database.sqlproj", "{DCFB0E5A-58C7-4B76-A9E5-8B3ACD2B31D5}"
EndProject
Project("{9A19103F-16F7-4668-BE54-9A1E7A4F7556}") = "BL", "BL\BL.csproj", "{1B4EDFD9-4DCF-4549-9989-DC1EF52DFADB}"
EndProject
Project("{9A19103F-16F7-4668-BE54-9A1E7A4F7556}") = "IntegrationTest", "IntegrationTest\IntegrationTest.csproj", "{C3CAD417-F6C4-4D0F-BECC-EABA089A875E}"
EndProject
Project("{FAE04EC0-301F-11D3-BF4B-00C04F79EFBC}") = "ChatClient", "ChatClient\ChatClient.csproj", "{5ADE589D-E6E3-4B62-A08C-1DE0AF332BB9}"
EndProject
Global
	GlobalSection(SolutionConfigurationPlatforms) = preSolution
		Debug|Any CPU = Debug|Any CPU
		Release|Any CPU = Release|Any CPU
	EndGlobalSection
	GlobalSection(ProjectConfigurationPlatforms) = postSolution
		{DCFB0E5A-58C7-4B76-A9E5-8B3ACD2B31D5}.Debug|Any CPU.ActiveCfg = Debug|Any CPU
		{DCFB0E5A-58C7-4B76-A9E5-8B3ACD2B31D5}.Debug|Any CPU.Build.0 = Debug|Any CPU
		{DCFB0E5A-58C7-4B76-A9E5-8B3ACD2B31D5}.Debug|Any CPU.Deploy.0 = Debug|Any CPU
		{DCFB0E5A-58C7-4B76-A9E5-8B3ACD2B31D5}.Release|Any CPU.ActiveCfg = Release|Any CPU
		{DCFB0E5A-58C7-4B76-A9E5-8B3ACD2B31D5}.Release|Any CPU.Build.0 = Release|Any CPU
		{DCFB0E5A-58C7-4B76-A9E5-8B3ACD2B31D5}.Release|Any CPU.Deploy.0 = Release|Any CPU
		{1B4EDFD9-4DCF-4549-9989-DC1EF52DFADB}.Debug|Any CPU.ActiveCfg = Debug|Any CPU
		{1B4EDFD9-4DCF-4549-9989-DC1EF52DFADB}.Debug|Any CPU.Build.0 = Debug|Any CPU
		{1B4EDFD9-4DCF-4549-9989-DC1EF52DFADB}.Release|Any CPU.ActiveCfg = Release|Any CPU
		{1B4EDFD9-4DCF-4549-9989-DC1EF52DFADB}.Release|Any CPU.Build.0 = Release|Any CPU
		{C3CAD417-F6C4-4D0F-BECC-EABA089A875E}.Debug|Any CPU.ActiveCfg = Debug|Any CPU
		{C3CAD417-F6C4-4D0F-BECC-EABA089A875E}.Debug|Any CPU.Build.0 = Debug|Any CPU
		{C3CAD417-F6C4-4D0F-BECC-EABA089A875E}.Release|Any CPU.ActiveCfg = Release|Any CPU
		{C3CAD417-F6C4-4D0F-BECC-EABA089A875E}.Release|Any CPU.Build.0 = Release|Any CPU
		{5ADE589D-E6E3-4B62-A08C-1DE0AF332BB9}.Debug|Any CPU.ActiveCfg = Debug|Any CPU
		{5ADE589D-E6E3-4B62-A08C-1DE0AF332BB9}.Debug|Any CPU.Build.0 = Debug|Any CPU
		{5ADE589D-E6E3-4B62-A08C-1DE0AF332BB9}.Release|Any CPU.ActiveCfg = Release|Any CPU
		{5ADE589D-E6E3-4B62-A08C-1DE0AF332BB9}.Release|Any CPU.Build.0 = Release|Any CPU
	EndGlobalSection
	GlobalSection(SolutionProperties) = preSolution
		HideSolutionNode = FALSE
	EndGlobalSection
	GlobalSection(ExtensibilityGlobals) = postSolution
		SolutionGuid = {7ED46D08-3495-4BBA-9FB5-C2703DB040D8}
	EndGlobalSection
EndGlobal
